// !$*UTF8*$!
{
	archiveVersion = 1;
	classes = {
	};
	objectVersion = 53;
	objects = {

/* Begin PBXBuildFile section */
		6B086B9425445746005CEDE1 /* AppConfiguration.swift in Sources */ = {isa = PBXBuildFile; fileRef = 6B086B9325445746005CEDE1 /* AppConfiguration.swift */; };
		6B086BA425445A2A005CEDE1 /* OSLog.swift in Sources */ = {isa = PBXBuildFile; fileRef = 6B086BA325445A2A005CEDE1 /* OSLog.swift */; };
		6B0F6AFF2490148500553E84 /* CalculatorBaseVC.swift in Sources */ = {isa = PBXBuildFile; fileRef = 6B0F6AFE2490148500553E84 /* CalculatorBaseVC.swift */; };
		6B2E59CD24956B7A0098960F /* GoogleService-Info.plist in Resources */ = {isa = PBXBuildFile; fileRef = 6B2E59CC24956B7A0098960F /* GoogleService-Info.plist */; };
		6B2E59F02496351B0098960F /* AdsConfiguration.swift in Sources */ = {isa = PBXBuildFile; fileRef = 6B2E59EF2496351A0098960F /* AdsConfiguration.swift */; };
		6B2E59F2249635E00098960F /* TableViewAdManager.swift in Sources */ = {isa = PBXBuildFile; fileRef = 6B2E59F1249635E00098960F /* TableViewAdManager.swift */; };
		6B38D17B249F7CCB00882119 /* InfoPlist.strings in Resources */ = {isa = PBXBuildFile; fileRef = 6B38D177249F7B5B00882119 /* InfoPlist.strings */; };
		6B39A8872486C1CB00E9A6C5 /* FlourAndWaterCalculator.swift in Sources */ = {isa = PBXBuildFile; fileRef = 6B39A8862486C1CB00E9A6C5 /* FlourAndWaterCalculator.swift */; };
		6B40F5B32485725C00FA4A40 /* UIViewExtension.swift in Sources */ = {isa = PBXBuildFile; fileRef = 6B40F5B22485725C00FA4A40 /* UIViewExtension.swift */; };
		6B4C580A248598BE000BA9B0 /* NumberDisplayCell.xib in Resources */ = {isa = PBXBuildFile; fileRef = 6B62201C248589F90087D511 /* NumberDisplayCell.xib */; };
		6B4C580C2485B7B5000BA9B0 /* FlourAndWaterCalculatorVC.swift in Sources */ = {isa = PBXBuildFile; fileRef = 6B4C580B2485B7B5000BA9B0 /* FlourAndWaterCalculatorVC.swift */; };
		6B5EA6E824D32222002B9260 /* Calculator.swift in Sources */ = {isa = PBXBuildFile; fileRef = 6B7D27C624D208B5002F1CA9 /* Calculator.swift */; };
		6B5EA6E924D32224002B9260 /* IngredientRatioFormula.swift in Sources */ = {isa = PBXBuildFile; fileRef = 6B7D27C424D20742002F1CA9 /* IngredientRatioFormula.swift */; };
		6B5EA6EA24D3226B002B9260 /* SceneDelegate.swift in Sources */ = {isa = PBXBuildFile; fileRef = 6BB2D9462483EEB40006DAE2 /* SceneDelegate.swift */; };
		6B62201E248589F90087D511 /* NumberDisplayCell.swift in Sources */ = {isa = PBXBuildFile; fileRef = 6B62201D248589F90087D511 /* NumberDisplayCell.swift */; };
		6B62202024858D740087D511 /* StringExtension.swift in Sources */ = {isa = PBXBuildFile; fileRef = 6B62201F24858D740087D511 /* StringExtension.swift */; };
		6B628A9B248ACC0D006ABACA /* Localizable.strings in Resources */ = {isa = PBXBuildFile; fileRef = 6B628A9D248ACC0D006ABACA /* Localizable.strings */; };
		6B628A9F248C139F006ABACA /* LevainAndWaterCalculatorVC.swift in Sources */ = {isa = PBXBuildFile; fileRef = 6B628A9E248C139F006ABACA /* LevainAndWaterCalculatorVC.swift */; };
		6B628AA1248C1626006ABACA /* LevainAndWaterCalculator.swift in Sources */ = {isa = PBXBuildFile; fileRef = 6B628AA0248C1626006ABACA /* LevainAndWaterCalculator.swift */; };
		6B628AA3248D1D9F006ABACA /* LevainAndwaterCalculatorTests.swift in Sources */ = {isa = PBXBuildFile; fileRef = 6B628AA2248D1D9F006ABACA /* LevainAndwaterCalculatorTests.swift */; };
		6B628AB0248D60A2006ABACA /* SettingsVC.swift in Sources */ = {isa = PBXBuildFile; fileRef = 6B628AAF248D60A2006ABACA /* SettingsVC.swift */; };
		6B76144524D59D7500000BA4 /* FormulateNumberInputCell.swift in Sources */ = {isa = PBXBuildFile; fileRef = 6B7D27C824D20E86002F1CA9 /* FormulateNumberInputCell.swift */; };
		6B76144624D59D7500000BA4 /* FormulaNumberDisplayCell.swift in Sources */ = {isa = PBXBuildFile; fileRef = 6B7D27CA24D20FF3002F1CA9 /* FormulaNumberDisplayCell.swift */; };
		6B7D27C524D20742002F1CA9 /* IngredientRatioFormula.swift in Sources */ = {isa = PBXBuildFile; fileRef = 6B7D27C424D20742002F1CA9 /* IngredientRatioFormula.swift */; };
		6B7D27C724D208B5002F1CA9 /* Calculator.swift in Sources */ = {isa = PBXBuildFile; fileRef = 6B7D27C624D208B5002F1CA9 /* Calculator.swift */; };
		6B7D27C924D20E86002F1CA9 /* FormulateNumberInputCell.swift in Sources */ = {isa = PBXBuildFile; fileRef = 6B7D27C824D20E86002F1CA9 /* FormulateNumberInputCell.swift */; };
		6B7D27CB24D20FF3002F1CA9 /* FormulaNumberDisplayCell.swift in Sources */ = {isa = PBXBuildFile; fileRef = 6B7D27CA24D20FF3002F1CA9 /* FormulaNumberDisplayCell.swift */; };
		6B7D92EA248D6D7B00F35D75 /* HomeVC.swift in Sources */ = {isa = PBXBuildFile; fileRef = 6B7D92E9248D6D7B00F35D75 /* HomeVC.swift */; };
		6B7D92EC248D6EF300F35D75 /* CalculatorType.swift in Sources */ = {isa = PBXBuildFile; fileRef = 6B7D92EB248D6EF300F35D75 /* CalculatorType.swift */; };
		6B7D92EE248D731A00F35D75 /* TopIconButton.swift in Sources */ = {isa = PBXBuildFile; fileRef = 6B7D92ED248D731A00F35D75 /* TopIconButton.swift */; };
		6B8001B72540D1DB00359D21 /* LocalizedSegmentedButton.swift in Sources */ = {isa = PBXBuildFile; fileRef = 6B8001B62540D1DB00359D21 /* LocalizedSegmentedButton.swift */; };
		6BA02DA024856F1C005B2CB2 /* NumberFormatterExtension.swift in Sources */ = {isa = PBXBuildFile; fileRef = 6BA02D9F24856F1C005B2CB2 /* NumberFormatterExtension.swift */; };
		6BB0AA2B251BE93000D3EC82 /* AdvertisedViewController.swift in Sources */ = {isa = PBXBuildFile; fileRef = 6BB0AA2A251BE93000D3EC82 /* AdvertisedViewController.swift */; };
		6BB0AA34251BE9E900D3EC82 /* AdsManager.swift in Sources */ = {isa = PBXBuildFile; fileRef = 6BB0AA33251BE9E900D3EC82 /* AdsManager.swift */; };
		6BB2597A2541FCB900E0B6C2 /* UserPreferences.swift in Sources */ = {isa = PBXBuildFile; fileRef = 6BB259792541FCB900E0B6C2 /* UserPreferences.swift */; };
		6BB2597F2541FD2800E0B6C2 /* SaltRelation.swift in Sources */ = {isa = PBXBuildFile; fileRef = 6BB2597E2541FD2800E0B6C2 /* SaltRelation.swift */; };
		6BB2D9452483EEB40006DAE2 /* AppDelegate.swift in Sources */ = {isa = PBXBuildFile; fileRef = 6BB2D9442483EEB40006DAE2 /* AppDelegate.swift */; };
		6BB2D9472483EEB40006DAE2 /* SceneDelegate.swift in Sources */ = {isa = PBXBuildFile; fileRef = 6BB2D9462483EEB40006DAE2 /* SceneDelegate.swift */; };
		6BB2D94C2483EEB40006DAE2 /* Main.storyboard in Resources */ = {isa = PBXBuildFile; fileRef = 6BB2D94A2483EEB40006DAE2 /* Main.storyboard */; };
		6BB2D94E2483EEB50006DAE2 /* Assets.xcassets in Resources */ = {isa = PBXBuildFile; fileRef = 6BB2D94D2483EEB50006DAE2 /* Assets.xcassets */; };
		6BB2D9512483EEB50006DAE2 /* LaunchScreen.storyboard in Resources */ = {isa = PBXBuildFile; fileRef = 6BB2D94F2483EEB50006DAE2 /* LaunchScreen.storyboard */; };
		6BB2D95C2483EEB50006DAE2 /* FlourAndwaterCalculatorTests.swift in Sources */ = {isa = PBXBuildFile; fileRef = 6BB2D95B2483EEB50006DAE2 /* FlourAndwaterCalculatorTests.swift */; };
		6BB2D9A3248569720006DAE2 /* NumberInputCell.swift in Sources */ = {isa = PBXBuildFile; fileRef = 6BB2D9A2248569720006DAE2 /* NumberInputCell.swift */; };
		6BB2D9A7248569970006DAE2 /* NumberInputCell.xib in Resources */ = {isa = PBXBuildFile; fileRef = 6BB2D9A6248569970006DAE2 /* NumberInputCell.xib */; };
		6BB98618251A94BE00802416 /* AppTrackingTransparency.framework in Frameworks */ = {isa = PBXBuildFile; fileRef = 6BB98616251A94BE00802416 /* AppTrackingTransparency.framework */; };
		6BB98637251B75C200802416 /* FIRAnalyticsConnector.framework in Frameworks */ = {isa = PBXBuildFile; fileRef = 6BB98636251B75C200802416 /* FIRAnalyticsConnector.framework */; };
		6BB9863C251B75C800802416 /* FirebaseAnalytics.framework in Frameworks */ = {isa = PBXBuildFile; fileRef = 6BB9863B251B75C800802416 /* FirebaseAnalytics.framework */; };
		6BB9863E251B75CE00802416 /* FirebaseCore.xcframework in Frameworks */ = {isa = PBXBuildFile; fileRef = 6BB9863D251B75CE00802416 /* FirebaseCore.xcframework */; };
		6BB98643251B75D400802416 /* FirebaseCoreDiagnostics.xcframework in Frameworks */ = {isa = PBXBuildFile; fileRef = 6BB98642251B75D400802416 /* FirebaseCoreDiagnostics.xcframework */; };
		6BB9864D251B75E000802416 /* PromisesObjC.xcframework in Frameworks */ = {isa = PBXBuildFile; fileRef = 6BB98647251B75DD00802416 /* PromisesObjC.xcframework */; };
		6BB9864E251B75E000802416 /* GoogleUtilities.xcframework in Frameworks */ = {isa = PBXBuildFile; fileRef = 6BB98648251B75DD00802416 /* GoogleUtilities.xcframework */; };
		6BB9864F251B75E000802416 /* GoogleAppMeasurement.framework in Frameworks */ = {isa = PBXBuildFile; fileRef = 6BB98649251B75DF00802416 /* GoogleAppMeasurement.framework */; };
		6BB98650251B75E000802416 /* FirebaseInstallations.xcframework in Frameworks */ = {isa = PBXBuildFile; fileRef = 6BB9864A251B75DF00802416 /* FirebaseInstallations.xcframework */; };
		6BB98651251B75E000802416 /* GoogleDataTransport.xcframework in Frameworks */ = {isa = PBXBuildFile; fileRef = 6BB9864B251B75E000802416 /* GoogleDataTransport.xcframework */; };
		6BB98652251B75E000802416 /* nanopb.xcframework in Frameworks */ = {isa = PBXBuildFile; fileRef = 6BB9864C251B75E000802416 /* nanopb.xcframework */; };
		6BB98658251B75EC00802416 /* GoogleMobileAds.framework in Frameworks */ = {isa = PBXBuildFile; fileRef = 6BB98656251B75EB00802416 /* GoogleMobileAds.framework */; };
		6BB98659251B75EC00802416 /* UserMessagingPlatform.framework in Frameworks */ = {isa = PBXBuildFile; fileRef = 6BB98657251B75EC00802416 /* UserMessagingPlatform.framework */; };
		6BC03B4924D077AB006E3053 /* TopIconButton.swift in Sources */ = {isa = PBXBuildFile; fileRef = 6B7D92ED248D731A00F35D75 /* TopIconButton.swift */; };
		6BC03B4A24D077AB006E3053 /* TabBarController.swift in Sources */ = {isa = PBXBuildFile; fileRef = 6BCD525D248ED2B100A03B0D /* TabBarController.swift */; };
		6BC03B4B24D077AB006E3053 /* NumberInputCell.swift in Sources */ = {isa = PBXBuildFile; fileRef = 6BB2D9A2248569720006DAE2 /* NumberInputCell.swift */; };
		6BC03B4C24D077AB006E3053 /* FlourAndWaterCalculator.swift in Sources */ = {isa = PBXBuildFile; fileRef = 6B39A8862486C1CB00E9A6C5 /* FlourAndWaterCalculator.swift */; };
		6BC03B4D24D077AB006E3053 /* NumberDisplayCell.swift in Sources */ = {isa = PBXBuildFile; fileRef = 6B62201D248589F90087D511 /* NumberDisplayCell.swift */; };
		6BC03B4E24D077AB006E3053 /* LevainAndWaterCalculator.swift in Sources */ = {isa = PBXBuildFile; fileRef = 6B628AA0248C1626006ABACA /* LevainAndWaterCalculator.swift */; };
		6BC03B4F24D077AB006E3053 /* HomeVC.swift in Sources */ = {isa = PBXBuildFile; fileRef = 6B7D92E9248D6D7B00F35D75 /* HomeVC.swift */; };
		6BC03B5124D077AB006E3053 /* TableViewAdManager.swift in Sources */ = {isa = PBXBuildFile; fileRef = 6B2E59F1249635E00098960F /* TableViewAdManager.swift */; };
		6BC03B5224D077AB006E3053 /* AppDelegate.swift in Sources */ = {isa = PBXBuildFile; fileRef = 6BB2D9442483EEB40006DAE2 /* AppDelegate.swift */; };
		6BC03B5324D077AB006E3053 /* NumberFormatterExtension.swift in Sources */ = {isa = PBXBuildFile; fileRef = 6BA02D9F24856F1C005B2CB2 /* NumberFormatterExtension.swift */; };
		6BC03B5424D077AB006E3053 /* StringExtension.swift in Sources */ = {isa = PBXBuildFile; fileRef = 6B62201F24858D740087D511 /* StringExtension.swift */; };
		6BC03B5524D077AB006E3053 /* CalculatorBaseVC.swift in Sources */ = {isa = PBXBuildFile; fileRef = 6B0F6AFE2490148500553E84 /* CalculatorBaseVC.swift */; };
		6BC03B5624D077AB006E3053 /* UIViewExtension.swift in Sources */ = {isa = PBXBuildFile; fileRef = 6B40F5B22485725C00FA4A40 /* UIViewExtension.swift */; };
		6BC03B5924D077AB006E3053 /* CalculatorType.swift in Sources */ = {isa = PBXBuildFile; fileRef = 6B7D92EB248D6EF300F35D75 /* CalculatorType.swift */; };
		6BC03B5A24D077AB006E3053 /* LevainAndWaterCalculatorVC.swift in Sources */ = {isa = PBXBuildFile; fileRef = 6B628A9E248C139F006ABACA /* LevainAndWaterCalculatorVC.swift */; };
		6BC03B5B24D077AB006E3053 /* SettingsVC.swift in Sources */ = {isa = PBXBuildFile; fileRef = 6B628AAF248D60A2006ABACA /* SettingsVC.swift */; };
		6BC03B5C24D077AB006E3053 /* FlourAndWaterCalculatorVC.swift in Sources */ = {isa = PBXBuildFile; fileRef = 6B4C580B2485B7B5000BA9B0 /* FlourAndWaterCalculatorVC.swift */; };
		6BC03B5D24D077AB006E3053 /* AdsConfiguration.swift in Sources */ = {isa = PBXBuildFile; fileRef = 6B2E59EF2496351A0098960F /* AdsConfiguration.swift */; };
		6BC03B6C24D077AB006E3053 /* LaunchScreen.storyboard in Resources */ = {isa = PBXBuildFile; fileRef = 6BB2D94F2483EEB50006DAE2 /* LaunchScreen.storyboard */; };
		6BC03B6D24D077AB006E3053 /* NumberDisplayCell.xib in Resources */ = {isa = PBXBuildFile; fileRef = 6B62201C248589F90087D511 /* NumberDisplayCell.xib */; };
		6BC03B6E24D077AB006E3053 /* Assets.xcassets in Resources */ = {isa = PBXBuildFile; fileRef = 6BB2D94D2483EEB50006DAE2 /* Assets.xcassets */; };
		6BC03B7024D077AB006E3053 /* Localizable.strings in Resources */ = {isa = PBXBuildFile; fileRef = 6B628A9D248ACC0D006ABACA /* Localizable.strings */; };
		6BC03B7124D077AB006E3053 /* NumberInputCell.xib in Resources */ = {isa = PBXBuildFile; fileRef = 6BB2D9A6248569970006DAE2 /* NumberInputCell.xib */; };
		6BC03B7224D077AB006E3053 /* Main.storyboard in Resources */ = {isa = PBXBuildFile; fileRef = 6BB2D94A2483EEB40006DAE2 /* Main.storyboard */; };
		6BCD525E248ED2B100A03B0D /* TabBarController.swift in Sources */ = {isa = PBXBuildFile; fileRef = 6BCD525D248ED2B100A03B0D /* TabBarController.swift */; };
		6BCE10D624D6F336000E0037 /* InfoPlist.strings in Resources */ = {isa = PBXBuildFile; fileRef = 6B76144B24D59E8300000BA4 /* InfoPlist.strings */; };
		6BF603B024D6DAD700DA3D40 /* TopIconButton.xib in Resources */ = {isa = PBXBuildFile; fileRef = 6BF603AF24D6DAD700DA3D40 /* TopIconButton.xib */; };
		6BF603B124D6DD9700DA3D40 /* TopIconButton.xib in Resources */ = {isa = PBXBuildFile; fileRef = 6BF603AF24D6DAD700DA3D40 /* TopIconButton.xib */; };
		6BFA481D249675E700202798 /* LocalizedLabel.swift in Sources */ = {isa = PBXBuildFile; fileRef = 6BFA481C249675E700202798 /* LocalizedLabel.swift */; };
		6BFA481F2496777100202798 /* LocalizedButton.swift in Sources */ = {isa = PBXBuildFile; fileRef = 6BFA481E2496777100202798 /* LocalizedButton.swift */; };
/* End PBXBuildFile section */

/* Begin PBXContainerItemProxy section */
		6BB2D9582483EEB50006DAE2 /* PBXContainerItemProxy */ = {
			isa = PBXContainerItemProxy;
			containerPortal = 6BB2D9392483EEB40006DAE2 /* Project object */;
			proxyType = 1;
			remoteGlobalIDString = 6BB2D9402483EEB40006DAE2;
			remoteInfo = MonPain;
		};
/* End PBXContainerItemProxy section */

/* Begin PBXFileReference section */
		6B086B9325445746005CEDE1 /* AppConfiguration.swift */ = {isa = PBXFileReference; lastKnownFileType = sourcecode.swift; path = AppConfiguration.swift; sourceTree = "<group>"; };
		6B086BA325445A2A005CEDE1 /* OSLog.swift */ = {isa = PBXFileReference; lastKnownFileType = sourcecode.swift; path = OSLog.swift; sourceTree = "<group>"; };
		6B0F6AFE2490148500553E84 /* CalculatorBaseVC.swift */ = {isa = PBXFileReference; lastKnownFileType = sourcecode.swift; path = CalculatorBaseVC.swift; sourceTree = "<group>"; };
		6B2E59CC24956B7A0098960F /* GoogleService-Info.plist */ = {isa = PBXFileReference; fileEncoding = 4; lastKnownFileType = text.plist.xml; path = "GoogleService-Info.plist"; sourceTree = "<group>"; };
		6B2E59EF2496351A0098960F /* AdsConfiguration.swift */ = {isa = PBXFileReference; lastKnownFileType = sourcecode.swift; path = AdsConfiguration.swift; sourceTree = "<group>"; };
		6B2E59F1249635E00098960F /* TableViewAdManager.swift */ = {isa = PBXFileReference; lastKnownFileType = sourcecode.swift; path = TableViewAdManager.swift; sourceTree = "<group>"; };
		6B38D178249F7B6000882119 /* fr */ = {isa = PBXFileReference; lastKnownFileType = text.plist.strings; name = fr; path = fr.lproj/InfoPlist.strings; sourceTree = "<group>"; };
		6B38D179249F7B6500882119 /* pl */ = {isa = PBXFileReference; lastKnownFileType = text.plist.strings; name = pl; path = pl.lproj/InfoPlist.strings; sourceTree = "<group>"; };
		6B38D17A249F7B8000882119 /* en */ = {isa = PBXFileReference; lastKnownFileType = text.plist.strings; name = en; path = en.lproj/InfoPlist.strings; sourceTree = "<group>"; };
		6B39A8862486C1CB00E9A6C5 /* FlourAndWaterCalculator.swift */ = {isa = PBXFileReference; fileEncoding = 4; lastKnownFileType = sourcecode.swift; path = FlourAndWaterCalculator.swift; sourceTree = "<group>"; };
		6B40F5B22485725C00FA4A40 /* UIViewExtension.swift */ = {isa = PBXFileReference; lastKnownFileType = sourcecode.swift; path = UIViewExtension.swift; sourceTree = "<group>"; };
		6B4C580B2485B7B5000BA9B0 /* FlourAndWaterCalculatorVC.swift */ = {isa = PBXFileReference; lastKnownFileType = sourcecode.swift; path = FlourAndWaterCalculatorVC.swift; sourceTree = "<group>"; };
		6B62201C248589F90087D511 /* NumberDisplayCell.xib */ = {isa = PBXFileReference; lastKnownFileType = file.xib; path = NumberDisplayCell.xib; sourceTree = "<group>"; };
		6B62201D248589F90087D511 /* NumberDisplayCell.swift */ = {isa = PBXFileReference; lastKnownFileType = sourcecode.swift; path = NumberDisplayCell.swift; sourceTree = "<group>"; };
		6B62201F24858D740087D511 /* StringExtension.swift */ = {isa = PBXFileReference; lastKnownFileType = sourcecode.swift; path = StringExtension.swift; sourceTree = "<group>"; };
		6B628A9C248ACC0D006ABACA /* en */ = {isa = PBXFileReference; lastKnownFileType = text.plist.strings; name = en; path = en.lproj/Localizable.strings; sourceTree = "<group>"; };
		6B628A9E248C139F006ABACA /* LevainAndWaterCalculatorVC.swift */ = {isa = PBXFileReference; lastKnownFileType = sourcecode.swift; path = LevainAndWaterCalculatorVC.swift; sourceTree = "<group>"; };
		6B628AA0248C1626006ABACA /* LevainAndWaterCalculator.swift */ = {isa = PBXFileReference; lastKnownFileType = sourcecode.swift; path = LevainAndWaterCalculator.swift; sourceTree = "<group>"; };
		6B628AA2248D1D9F006ABACA /* LevainAndwaterCalculatorTests.swift */ = {isa = PBXFileReference; lastKnownFileType = sourcecode.swift; path = LevainAndwaterCalculatorTests.swift; sourceTree = "<group>"; };
		6B628AAE248D469D006ABACA /* fr */ = {isa = PBXFileReference; lastKnownFileType = text.plist.strings; name = fr; path = fr.lproj/Localizable.strings; sourceTree = "<group>"; };
		6B628AAF248D60A2006ABACA /* SettingsVC.swift */ = {isa = PBXFileReference; lastKnownFileType = sourcecode.swift; path = SettingsVC.swift; sourceTree = "<group>"; };
		6B69C20C2528F1DA00F3BFB2 /* de */ = {isa = PBXFileReference; lastKnownFileType = text.plist.strings; name = de; path = de.lproj/LaunchScreen.strings; sourceTree = "<group>"; };
		6B69C20D2528F1DA00F3BFB2 /* de */ = {isa = PBXFileReference; lastKnownFileType = text.plist.strings; name = de; path = de.lproj/Localizable.strings; sourceTree = "<group>"; };
		6B69C20E2528F1DB00F3BFB2 /* de */ = {isa = PBXFileReference; lastKnownFileType = text.plist.strings; name = de; path = de.lproj/InfoPlist.strings; sourceTree = "<group>"; };
		6B69C20F2528F1DB00F3BFB2 /* de */ = {isa = PBXFileReference; lastKnownFileType = text.plist.strings; name = de; path = de.lproj/InfoPlist.strings; sourceTree = "<group>"; };
		6B76144A24D59E8300000BA4 /* en */ = {isa = PBXFileReference; lastKnownFileType = text.plist.strings; name = en; path = en.lproj/InfoPlist.strings; sourceTree = "<group>"; };
		6B76144C24D59E8600000BA4 /* fr */ = {isa = PBXFileReference; lastKnownFileType = text.plist.strings; name = fr; path = fr.lproj/InfoPlist.strings; sourceTree = "<group>"; };
		6B76144D24D59E8600000BA4 /* pl */ = {isa = PBXFileReference; lastKnownFileType = text.plist.strings; name = pl; path = pl.lproj/InfoPlist.strings; sourceTree = "<group>"; };
		6B7D27C424D20742002F1CA9 /* IngredientRatioFormula.swift */ = {isa = PBXFileReference; lastKnownFileType = sourcecode.swift; path = IngredientRatioFormula.swift; sourceTree = "<group>"; };
		6B7D27C624D208B5002F1CA9 /* Calculator.swift */ = {isa = PBXFileReference; lastKnownFileType = sourcecode.swift; path = Calculator.swift; sourceTree = "<group>"; };
		6B7D27C824D20E86002F1CA9 /* FormulateNumberInputCell.swift */ = {isa = PBXFileReference; lastKnownFileType = sourcecode.swift; path = FormulateNumberInputCell.swift; sourceTree = "<group>"; };
		6B7D27CA24D20FF3002F1CA9 /* FormulaNumberDisplayCell.swift */ = {isa = PBXFileReference; lastKnownFileType = sourcecode.swift; path = FormulaNumberDisplayCell.swift; sourceTree = "<group>"; };
		6B7D92E9248D6D7B00F35D75 /* HomeVC.swift */ = {isa = PBXFileReference; lastKnownFileType = sourcecode.swift; path = HomeVC.swift; sourceTree = "<group>"; };
		6B7D92EB248D6EF300F35D75 /* CalculatorType.swift */ = {isa = PBXFileReference; lastKnownFileType = sourcecode.swift; path = CalculatorType.swift; sourceTree = "<group>"; };
		6B7D92ED248D731A00F35D75 /* TopIconButton.swift */ = {isa = PBXFileReference; lastKnownFileType = sourcecode.swift; path = TopIconButton.swift; sourceTree = "<group>"; };
		6B8001B62540D1DB00359D21 /* LocalizedSegmentedButton.swift */ = {isa = PBXFileReference; lastKnownFileType = sourcecode.swift; path = LocalizedSegmentedButton.swift; sourceTree = "<group>"; };
		6BA02D9F24856F1C005B2CB2 /* NumberFormatterExtension.swift */ = {isa = PBXFileReference; fileEncoding = 4; lastKnownFileType = sourcecode.swift; path = NumberFormatterExtension.swift; sourceTree = "<group>"; };
		6BB0AA2A251BE93000D3EC82 /* AdvertisedViewController.swift */ = {isa = PBXFileReference; lastKnownFileType = sourcecode.swift; path = AdvertisedViewController.swift; sourceTree = "<group>"; };
		6BB0AA33251BE9E900D3EC82 /* AdsManager.swift */ = {isa = PBXFileReference; lastKnownFileType = sourcecode.swift; path = AdsManager.swift; sourceTree = "<group>"; };
		6BB259792541FCB900E0B6C2 /* UserPreferences.swift */ = {isa = PBXFileReference; lastKnownFileType = sourcecode.swift; path = UserPreferences.swift; sourceTree = "<group>"; };
		6BB2597E2541FD2800E0B6C2 /* SaltRelation.swift */ = {isa = PBXFileReference; lastKnownFileType = sourcecode.swift; path = SaltRelation.swift; sourceTree = "<group>"; };
		6BB2D9412483EEB40006DAE2 /* Mon Pain.app */ = {isa = PBXFileReference; explicitFileType = wrapper.application; includeInIndex = 0; path = "Mon Pain.app"; sourceTree = BUILT_PRODUCTS_DIR; };
		6BB2D9442483EEB40006DAE2 /* AppDelegate.swift */ = {isa = PBXFileReference; lastKnownFileType = sourcecode.swift; path = AppDelegate.swift; sourceTree = "<group>"; };
		6BB2D9462483EEB40006DAE2 /* SceneDelegate.swift */ = {isa = PBXFileReference; lastKnownFileType = sourcecode.swift; path = SceneDelegate.swift; sourceTree = "<group>"; };
		6BB2D94B2483EEB40006DAE2 /* Base */ = {isa = PBXFileReference; lastKnownFileType = file.storyboard; name = Base; path = Base.lproj/Main.storyboard; sourceTree = "<group>"; };
		6BB2D94D2483EEB50006DAE2 /* Assets.xcassets */ = {isa = PBXFileReference; lastKnownFileType = folder.assetcatalog; path = Assets.xcassets; sourceTree = "<group>"; };
		6BB2D9502483EEB50006DAE2 /* Base */ = {isa = PBXFileReference; lastKnownFileType = file.storyboard; name = Base; path = Base.lproj/LaunchScreen.storyboard; sourceTree = "<group>"; };
		6BB2D9522483EEB50006DAE2 /* Info.plist */ = {isa = PBXFileReference; lastKnownFileType = text.plist.xml; path = Info.plist; sourceTree = "<group>"; };
		6BB2D9572483EEB50006DAE2 /* MonPainTests.xctest */ = {isa = PBXFileReference; explicitFileType = wrapper.cfbundle; includeInIndex = 0; path = MonPainTests.xctest; sourceTree = BUILT_PRODUCTS_DIR; };
		6BB2D95B2483EEB50006DAE2 /* FlourAndwaterCalculatorTests.swift */ = {isa = PBXFileReference; lastKnownFileType = sourcecode.swift; path = FlourAndwaterCalculatorTests.swift; sourceTree = "<group>"; };
		6BB2D95D2483EEB50006DAE2 /* Info.plist */ = {isa = PBXFileReference; lastKnownFileType = text.plist.xml; path = Info.plist; sourceTree = "<group>"; };
		6BB2D9A2248569720006DAE2 /* NumberInputCell.swift */ = {isa = PBXFileReference; lastKnownFileType = sourcecode.swift; path = NumberInputCell.swift; sourceTree = "<group>"; };
		6BB2D9A6248569970006DAE2 /* NumberInputCell.xib */ = {isa = PBXFileReference; lastKnownFileType = file.xib; path = NumberInputCell.xib; sourceTree = "<group>"; };
		6BB98616251A94BE00802416 /* AppTrackingTransparency.framework */ = {isa = PBXFileReference; lastKnownFileType = wrapper.framework; name = AppTrackingTransparency.framework; path = System/Library/Frameworks/AppTrackingTransparency.framework; sourceTree = SDKROOT; };
		6BB98617251A94BE00802416 /* Accelerate.framework */ = {isa = PBXFileReference; lastKnownFileType = wrapper.framework; name = Accelerate.framework; path = System/Library/Frameworks/Accelerate.framework; sourceTree = SDKROOT; };
		6BB98636251B75C200802416 /* FIRAnalyticsConnector.framework */ = {isa = PBXFileReference; lastKnownFileType = wrapper.framework; path = FIRAnalyticsConnector.framework; sourceTree = "<group>"; };
		6BB9863B251B75C800802416 /* FirebaseAnalytics.framework */ = {isa = PBXFileReference; lastKnownFileType = wrapper.framework; path = FirebaseAnalytics.framework; sourceTree = "<group>"; };
		6BB9863D251B75CE00802416 /* FirebaseCore.xcframework */ = {isa = PBXFileReference; lastKnownFileType = wrapper.xcframework; path = FirebaseCore.xcframework; sourceTree = "<group>"; };
		6BB98642251B75D400802416 /* FirebaseCoreDiagnostics.xcframework */ = {isa = PBXFileReference; lastKnownFileType = wrapper.xcframework; path = FirebaseCoreDiagnostics.xcframework; sourceTree = "<group>"; };
		6BB98647251B75DD00802416 /* PromisesObjC.xcframework */ = {isa = PBXFileReference; lastKnownFileType = wrapper.xcframework; path = PromisesObjC.xcframework; sourceTree = "<group>"; };
		6BB98648251B75DD00802416 /* GoogleUtilities.xcframework */ = {isa = PBXFileReference; lastKnownFileType = wrapper.xcframework; path = GoogleUtilities.xcframework; sourceTree = "<group>"; };
		6BB98649251B75DF00802416 /* GoogleAppMeasurement.framework */ = {isa = PBXFileReference; lastKnownFileType = wrapper.framework; path = GoogleAppMeasurement.framework; sourceTree = "<group>"; };
		6BB9864A251B75DF00802416 /* FirebaseInstallations.xcframework */ = {isa = PBXFileReference; lastKnownFileType = wrapper.xcframework; path = FirebaseInstallations.xcframework; sourceTree = "<group>"; };
		6BB9864B251B75E000802416 /* GoogleDataTransport.xcframework */ = {isa = PBXFileReference; lastKnownFileType = wrapper.xcframework; path = GoogleDataTransport.xcframework; sourceTree = "<group>"; };
		6BB9864C251B75E000802416 /* nanopb.xcframework */ = {isa = PBXFileReference; lastKnownFileType = wrapper.xcframework; path = nanopb.xcframework; sourceTree = "<group>"; };
		6BB98656251B75EB00802416 /* GoogleMobileAds.framework */ = {isa = PBXFileReference; lastKnownFileType = wrapper.framework; path = GoogleMobileAds.framework; sourceTree = "<group>"; };
		6BB98657251B75EC00802416 /* UserMessagingPlatform.framework */ = {isa = PBXFileReference; lastKnownFileType = wrapper.framework; path = UserMessagingPlatform.framework; sourceTree = "<group>"; };
		6BB9865D251B763B00802416 /* Firebase.h */ = {isa = PBXFileReference; lastKnownFileType = sourcecode.c.h; path = Firebase.h; sourceTree = "<group>"; };
		6BB9865E251B763C00802416 /* module.modulemap */ = {isa = PBXFileReference; lastKnownFileType = "sourcecode.module-map"; path = module.modulemap; sourceTree = "<group>"; };
		6BC03B7824D077AB006E3053 /* MonPainPlus.app */ = {isa = PBXFileReference; explicitFileType = wrapper.application; includeInIndex = 0; path = MonPainPlus.app; sourceTree = BUILT_PRODUCTS_DIR; };
		6BC03B7924D077AB006E3053 /* InfoPlist-MonPainPlus.plist */ = {isa = PBXFileReference; lastKnownFileType = text.plist.xml; name = "InfoPlist-MonPainPlus.plist"; path = "/Users/jonathanduss/jo_dev/MonPain/MonPain/InfoPlist-MonPainPlus.plist"; sourceTree = "<absolute>"; };
		6BCD525D248ED2B100A03B0D /* TabBarController.swift */ = {isa = PBXFileReference; lastKnownFileType = sourcecode.swift; path = TabBarController.swift; sourceTree = "<group>"; };
		6BF603AF24D6DAD700DA3D40 /* TopIconButton.xib */ = {isa = PBXFileReference; lastKnownFileType = file.xib; path = TopIconButton.xib; sourceTree = "<group>"; };
		6BFA481B2496750600202798 /* pl */ = {isa = PBXFileReference; lastKnownFileType = text.plist.strings; name = pl; path = pl.lproj/Localizable.strings; sourceTree = "<group>"; };
		6BFA481C249675E700202798 /* LocalizedLabel.swift */ = {isa = PBXFileReference; lastKnownFileType = sourcecode.swift; path = LocalizedLabel.swift; sourceTree = "<group>"; };
		6BFA481E2496777100202798 /* LocalizedButton.swift */ = {isa = PBXFileReference; lastKnownFileType = sourcecode.swift; path = LocalizedButton.swift; sourceTree = "<group>"; };
/* End PBXFileReference section */

/* Begin PBXFrameworksBuildPhase section */
		6BB2D93E2483EEB40006DAE2 /* Frameworks */ = {
			isa = PBXFrameworksBuildPhase;
			buildActionMask = 2147483647;
			files = (
				6BB98659251B75EC00802416 /* UserMessagingPlatform.framework in Frameworks */,
				6BB98651251B75E000802416 /* GoogleDataTransport.xcframework in Frameworks */,
				6BB98618251A94BE00802416 /* AppTrackingTransparency.framework in Frameworks */,
				6BB98643251B75D400802416 /* FirebaseCoreDiagnostics.xcframework in Frameworks */,
				6BB9864E251B75E000802416 /* GoogleUtilities.xcframework in Frameworks */,
				6BB98652251B75E000802416 /* nanopb.xcframework in Frameworks */,
				6BB9863E251B75CE00802416 /* FirebaseCore.xcframework in Frameworks */,
				6BB98658251B75EC00802416 /* GoogleMobileAds.framework in Frameworks */,
				6BB9864D251B75E000802416 /* PromisesObjC.xcframework in Frameworks */,
				6BB98637251B75C200802416 /* FIRAnalyticsConnector.framework in Frameworks */,
				6BB9864F251B75E000802416 /* GoogleAppMeasurement.framework in Frameworks */,
				6BB9863C251B75C800802416 /* FirebaseAnalytics.framework in Frameworks */,
				6BB98650251B75E000802416 /* FirebaseInstallations.xcframework in Frameworks */,
			);
			runOnlyForDeploymentPostprocessing = 0;
		};
		6BB2D9542483EEB50006DAE2 /* Frameworks */ = {
			isa = PBXFrameworksBuildPhase;
			buildActionMask = 2147483647;
			files = (
			);
			runOnlyForDeploymentPostprocessing = 0;
		};
		6BC03B5E24D077AB006E3053 /* Frameworks */ = {
			isa = PBXFrameworksBuildPhase;
			buildActionMask = 2147483647;
			files = (
			);
			runOnlyForDeploymentPostprocessing = 0;
		};
/* End PBXFrameworksBuildPhase section */

/* Begin PBXGroup section */
		6B086BAE254475C6005CEDE1 /* Logging */ = {
			isa = PBXGroup;
			children = (
				6B086BA325445A2A005CEDE1 /* OSLog.swift */,
			);
			path = Logging;
			sourceTree = "<group>";
		};
		6B0F6AFD249013D900553E84 /* Screens */ = {
			isa = PBXGroup;
			children = (
				6BB2D94A2483EEB40006DAE2 /* Main.storyboard */,
				6B0F6B002490148900553E84 /* Bases */,
				6B4C580B2485B7B5000BA9B0 /* FlourAndWaterCalculatorVC.swift */,
				6B628A9E248C139F006ABACA /* LevainAndWaterCalculatorVC.swift */,
				6B628AAF248D60A2006ABACA /* SettingsVC.swift */,
				6B7D92E9248D6D7B00F35D75 /* HomeVC.swift */,
				6BCD525D248ED2B100A03B0D /* TabBarController.swift */,
			);
			path = Screens;
			sourceTree = "<group>";
		};
		6B0F6B002490148900553E84 /* Bases */ = {
			isa = PBXGroup;
			children = (
				6B0F6AFE2490148500553E84 /* CalculatorBaseVC.swift */,
			);
			path = Bases;
			sourceTree = "<group>";
		};
		6B2E59EE2496350E0098960F /* Configuration */ = {
			isa = PBXGroup;
			children = (
				6B2E59EF2496351A0098960F /* AdsConfiguration.swift */,
				6B086B9325445746005CEDE1 /* AppConfiguration.swift */,
			);
			path = Configuration;
			sourceTree = "<group>";
		};
		6B39A8882486C1D600E9A6C5 /* Logic */ = {
			isa = PBXGroup;
			children = (
				6BB259782541FCA400E0B6C2 /* Preferences */,
				6B7D92EB248D6EF300F35D75 /* CalculatorType.swift */,
				6B39A8862486C1CB00E9A6C5 /* FlourAndWaterCalculator.swift */,
				6B628AA0248C1626006ABACA /* LevainAndWaterCalculator.swift */,
				6B7D27C424D20742002F1CA9 /* IngredientRatioFormula.swift */,
				6B7D27C624D208B5002F1CA9 /* Calculator.swift */,
			);
			path = Logic;
			sourceTree = "<group>";
		};
		6B76144E24D5A18F00000BA4 /* MonPain */ = {
			isa = PBXGroup;
			children = (
				6BB2D9522483EEB50006DAE2 /* Info.plist */,
				6B38D177249F7B5B00882119 /* InfoPlist.strings */,
			);
			path = MonPain;
			sourceTree = "<group>";
		};
		6B76144F24D5A1B200000BA4 /* MonPain+ */ = {
			isa = PBXGroup;
			children = (
				6BC03B7924D077AB006E3053 /* InfoPlist-MonPainPlus.plist */,
				6B76144B24D59E8300000BA4 /* InfoPlist.strings */,
			);
			path = "MonPain+";
			sourceTree = "<group>";
		};
		6B8001BB2540D9F900359D21 /* UI */ = {
			isa = PBXGroup;
			children = (
				6B8001BE2540DA3A00359D21 /* CustomViews */,
				6B8001BD2540DA2A00359D21 /* Extensions */,
			);
			path = UI;
			sourceTree = "<group>";
		};
		6B8001BD2540DA2A00359D21 /* Extensions */ = {
			isa = PBXGroup;
			children = (
			);
			path = Extensions;
			sourceTree = "<group>";
		};
		6B8001BE2540DA3A00359D21 /* CustomViews */ = {
			isa = PBXGroup;
			children = (
				6BFA481C249675E700202798 /* LocalizedLabel.swift */,
				6BFA481E2496777100202798 /* LocalizedButton.swift */,
				6B8001B62540D1DB00359D21 /* LocalizedSegmentedButton.swift */,
			);
			path = CustomViews;
			sourceTree = "<group>";
		};
		6BA02DA124856F20005B2CB2 /* Extensions */ = {
			isa = PBXGroup;
			children = (
				6BA02D9F24856F1C005B2CB2 /* NumberFormatterExtension.swift */,
				6B40F5B22485725C00FA4A40 /* UIViewExtension.swift */,
				6B62201F24858D740087D511 /* StringExtension.swift */,
			);
			path = Extensions;
			sourceTree = "<group>";
		};
		6BB0AA2F251BE95000D3EC82 /* ZaJo-iOS */ = {
			isa = PBXGroup;
			children = (
				6B8001BB2540D9F900359D21 /* UI */,
				6BB0AA2A251BE93000D3EC82 /* AdvertisedViewController.swift */,
				6BB0AA33251BE9E900D3EC82 /* AdsManager.swift */,
				6B086BAE254475C6005CEDE1 /* Logging */,
			);
			path = "ZaJo-iOS";
			sourceTree = "<group>";
		};
		6BB259782541FCA400E0B6C2 /* Preferences */ = {
			isa = PBXGroup;
			children = (
				6BB259792541FCB900E0B6C2 /* UserPreferences.swift */,
				6BB2597E2541FD2800E0B6C2 /* SaltRelation.swift */,
			);
			path = Preferences;
			sourceTree = "<group>";
		};
		6BB2D9382483EEB40006DAE2 = {
			isa = PBXGroup;
			children = (
				6BB2D9432483EEB40006DAE2 /* MonPain */,
				6BB2D95A2483EEB50006DAE2 /* MonPainTests */,
				6BB2D9422483EEB40006DAE2 /* Products */,
				6BB98615251A94BE00802416 /* Frameworks */,
			);
			sourceTree = "<group>";
		};
		6BB2D9422483EEB40006DAE2 /* Products */ = {
			isa = PBXGroup;
			children = (
				6BB2D9412483EEB40006DAE2 /* Mon Pain.app */,
				6BB2D9572483EEB50006DAE2 /* MonPainTests.xctest */,
				6BC03B7824D077AB006E3053 /* MonPainPlus.app */,
			);
			name = Products;
			sourceTree = "<group>";
		};
		6BB2D9432483EEB40006DAE2 /* MonPain */ = {
			isa = PBXGroup;
			children = (
				6BB98634251B75A800802416 /* Libraries */,
				6B2E59EE2496350E0098960F /* Configuration */,
				6B39A8882486C1D600E9A6C5 /* Logic */,
				6BA02DA124856F20005B2CB2 /* Extensions */,
				6BB2D9A4248569790006DAE2 /* UI */,
				6BB2D9442483EEB40006DAE2 /* AppDelegate.swift */,
				6BB2D9462483EEB40006DAE2 /* SceneDelegate.swift */,
				6BB2D94D2483EEB50006DAE2 /* Assets.xcassets */,
				6BB2D94F2483EEB50006DAE2 /* LaunchScreen.storyboard */,
				6B2E59CC24956B7A0098960F /* GoogleService-Info.plist */,
				6B628A9D248ACC0D006ABACA /* Localizable.strings */,
				6B76144E24D5A18F00000BA4 /* MonPain */,
				6B76144F24D5A1B200000BA4 /* MonPain+ */,
			);
			path = MonPain;
			sourceTree = "<group>";
		};
		6BB2D95A2483EEB50006DAE2 /* MonPainTests */ = {
			isa = PBXGroup;
			children = (
				6BB2D95B2483EEB50006DAE2 /* FlourAndwaterCalculatorTests.swift */,
				6B628AA2248D1D9F006ABACA /* LevainAndwaterCalculatorTests.swift */,
				6BB2D95D2483EEB50006DAE2 /* Info.plist */,
			);
			path = MonPainTests;
			sourceTree = "<group>";
		};
		6BB2D9A4248569790006DAE2 /* UI */ = {
			isa = PBXGroup;
			children = (
				6B0F6AFD249013D900553E84 /* Screens */,
				6BB2D9A5248569850006DAE2 /* UI Elements */,
				6B2E59F1249635E00098960F /* TableViewAdManager.swift */,
			);
			path = UI;
			sourceTree = "<group>";
		};
		6BB2D9A5248569850006DAE2 /* UI Elements */ = {
			isa = PBXGroup;
			children = (
				6B62201D248589F90087D511 /* NumberDisplayCell.swift */,
				6B62201C248589F90087D511 /* NumberDisplayCell.xib */,
				6BB2D9A2248569720006DAE2 /* NumberInputCell.swift */,
				6BB2D9A6248569970006DAE2 /* NumberInputCell.xib */,
				6B7D92ED248D731A00F35D75 /* TopIconButton.swift */,
				6BF603AF24D6DAD700DA3D40 /* TopIconButton.xib */,
				6B7D27C824D20E86002F1CA9 /* FormulateNumberInputCell.swift */,
				6B7D27CA24D20FF3002F1CA9 /* FormulaNumberDisplayCell.swift */,
			);
			path = "UI Elements";
			sourceTree = "<group>";
		};
		6BB98615251A94BE00802416 /* Frameworks */ = {
			isa = PBXGroup;
			children = (
				6BB98617251A94BE00802416 /* Accelerate.framework */,
				6BB98616251A94BE00802416 /* AppTrackingTransparency.framework */,
			);
			name = Frameworks;
			sourceTree = "<group>";
		};
		6BB98634251B75A800802416 /* Libraries */ = {
			isa = PBXGroup;
			children = (
				6BB0AA2F251BE95000D3EC82 /* ZaJo-iOS */,
				6BB98635251B75B200802416 /* Firebase */,
			);
			path = Libraries;
			sourceTree = "<group>";
		};
		6BB98635251B75B200802416 /* Firebase */ = {
			isa = PBXGroup;
			children = (
				6BB98674251B77C200802416 /* Header */,
				6BB98656251B75EB00802416 /* GoogleMobileAds.framework */,
				6BB98657251B75EC00802416 /* UserMessagingPlatform.framework */,
				6BB9864A251B75DF00802416 /* FirebaseInstallations.xcframework */,
				6BB98649251B75DF00802416 /* GoogleAppMeasurement.framework */,
				6BB9864B251B75E000802416 /* GoogleDataTransport.xcframework */,
				6BB98648251B75DD00802416 /* GoogleUtilities.xcframework */,
				6BB9864C251B75E000802416 /* nanopb.xcframework */,
				6BB98647251B75DD00802416 /* PromisesObjC.xcframework */,
				6BB98642251B75D400802416 /* FirebaseCoreDiagnostics.xcframework */,
				6BB9863D251B75CE00802416 /* FirebaseCore.xcframework */,
				6BB9863B251B75C800802416 /* FirebaseAnalytics.framework */,
				6BB98636251B75C200802416 /* FIRAnalyticsConnector.framework */,
			);
			path = Firebase;
			sourceTree = "<group>";
		};
		6BB98674251B77C200802416 /* Header */ = {
			isa = PBXGroup;
			children = (
				6BB9865D251B763B00802416 /* Firebase.h */,
				6BB9865E251B763C00802416 /* module.modulemap */,
			);
			path = Header;
			sourceTree = "<group>";
		};
/* End PBXGroup section */

/* Begin PBXNativeTarget section */
		6BB2D9402483EEB40006DAE2 /* MonPain */ = {
			isa = PBXNativeTarget;
			buildConfigurationList = 6BB2D9602483EEB50006DAE2 /* Build configuration list for PBXNativeTarget "MonPain" */;
			buildPhases = (
				6BB2D93D2483EEB40006DAE2 /* Sources */,
				6BB2D93E2483EEB40006DAE2 /* Frameworks */,
				6BB2D93F2483EEB40006DAE2 /* Resources */,
			);
			buildRules = (
			);
			dependencies = (
			);
			name = MonPain;
			productName = MonPain;
			productReference = 6BB2D9412483EEB40006DAE2 /* Mon Pain.app */;
			productType = "com.apple.product-type.application";
		};
		6BB2D9562483EEB50006DAE2 /* MonPainTests */ = {
			isa = PBXNativeTarget;
			buildConfigurationList = 6BB2D9632483EEB50006DAE2 /* Build configuration list for PBXNativeTarget "MonPainTests" */;
			buildPhases = (
				6BB2D9532483EEB50006DAE2 /* Sources */,
				6BB2D9542483EEB50006DAE2 /* Frameworks */,
				6BB2D9552483EEB50006DAE2 /* Resources */,
			);
			buildRules = (
			);
			dependencies = (
				6BB2D9592483EEB50006DAE2 /* PBXTargetDependency */,
			);
			name = MonPainTests;
			productName = MonPainTests;
			productReference = 6BB2D9572483EEB50006DAE2 /* MonPainTests.xctest */;
			productType = "com.apple.product-type.bundle.unit-test";
		};
		6BC03B4524D077AB006E3053 /* MonPainPlus */ = {
			isa = PBXNativeTarget;
			buildConfigurationList = 6BC03B7524D077AB006E3053 /* Build configuration list for PBXNativeTarget "MonPainPlus" */;
			buildPhases = (
				6BC03B4824D077AB006E3053 /* Sources */,
				6BC03B5E24D077AB006E3053 /* Frameworks */,
				6BC03B6B24D077AB006E3053 /* Resources */,
			);
			buildRules = (
			);
			dependencies = (
			);
			name = MonPainPlus;
			productName = MonPain;
			productReference = 6BC03B7824D077AB006E3053 /* MonPainPlus.app */;
			productType = "com.apple.product-type.application";
		};
/* End PBXNativeTarget section */

/* Begin PBXProject section */
		6BB2D9392483EEB40006DAE2 /* Project object */ = {
			isa = PBXProject;
			attributes = {
				LastSwiftUpdateCheck = 1150;
				LastUpgradeCheck = 1200;
				ORGANIZATIONNAME = ZaJo;
				TargetAttributes = {
					6BB2D9402483EEB40006DAE2 = {
						CreatedOnToolsVersion = 11.5;
					};
					6BB2D9562483EEB50006DAE2 = {
						CreatedOnToolsVersion = 11.5;
						TestTargetID = 6BB2D9402483EEB40006DAE2;
					};
				};
			};
			buildConfigurationList = 6BB2D93C2483EEB40006DAE2 /* Build configuration list for PBXProject "MonPain" */;
			compatibilityVersion = "Xcode 11.4";
			developmentRegion = en;
			hasScannedForEncodings = 0;
			knownRegions = (
				en,
				Base,
				fr,
				pl,
				de,
			);
			mainGroup = 6BB2D9382483EEB40006DAE2;
			productRefGroup = 6BB2D9422483EEB40006DAE2 /* Products */;
			projectDirPath = "";
			projectRoot = "";
			targets = (
				6BB2D9402483EEB40006DAE2 /* MonPain */,
				6BB2D9562483EEB50006DAE2 /* MonPainTests */,
				6BC03B4524D077AB006E3053 /* MonPainPlus */,
			);
		};
/* End PBXProject section */

/* Begin PBXResourcesBuildPhase section */
		6BB2D93F2483EEB40006DAE2 /* Resources */ = {
			isa = PBXResourcesBuildPhase;
			buildActionMask = 2147483647;
			files = (
				6BB2D9512483EEB50006DAE2 /* LaunchScreen.storyboard in Resources */,
				6B4C580A248598BE000BA9B0 /* NumberDisplayCell.xib in Resources */,
				6BF603B024D6DAD700DA3D40 /* TopIconButton.xib in Resources */,
				6BB2D94E2483EEB50006DAE2 /* Assets.xcassets in Resources */,
				6B628A9B248ACC0D006ABACA /* Localizable.strings in Resources */,
				6BB2D9A7248569970006DAE2 /* NumberInputCell.xib in Resources */,
				6BB2D94C2483EEB40006DAE2 /* Main.storyboard in Resources */,
				6B38D17B249F7CCB00882119 /* InfoPlist.strings in Resources */,
				6B2E59CD24956B7A0098960F /* GoogleService-Info.plist in Resources */,
			);
			runOnlyForDeploymentPostprocessing = 0;
		};
		6BB2D9552483EEB50006DAE2 /* Resources */ = {
			isa = PBXResourcesBuildPhase;
			buildActionMask = 2147483647;
			files = (
			);
			runOnlyForDeploymentPostprocessing = 0;
		};
		6BC03B6B24D077AB006E3053 /* Resources */ = {
			isa = PBXResourcesBuildPhase;
			buildActionMask = 2147483647;
			files = (
				6BC03B6C24D077AB006E3053 /* LaunchScreen.storyboard in Resources */,
				6BC03B6D24D077AB006E3053 /* NumberDisplayCell.xib in Resources */,
				6BC03B6E24D077AB006E3053 /* Assets.xcassets in Resources */,
				6BC03B7024D077AB006E3053 /* Localizable.strings in Resources */,
				6BC03B7124D077AB006E3053 /* NumberInputCell.xib in Resources */,
				6BC03B7224D077AB006E3053 /* Main.storyboard in Resources */,
				6BF603B124D6DD9700DA3D40 /* TopIconButton.xib in Resources */,
				6BCE10D624D6F336000E0037 /* InfoPlist.strings in Resources */,
			);
			runOnlyForDeploymentPostprocessing = 0;
		};
/* End PBXResourcesBuildPhase section */

/* Begin PBXSourcesBuildPhase section */
		6BB2D93D2483EEB40006DAE2 /* Sources */ = {
			isa = PBXSourcesBuildPhase;
			buildActionMask = 2147483647;
			files = (
				6B7D92EE248D731A00F35D75 /* TopIconButton.swift in Sources */,
				6BB2597F2541FD2800E0B6C2 /* SaltRelation.swift in Sources */,
				6B7D27C524D20742002F1CA9 /* IngredientRatioFormula.swift in Sources */,
				6BCD525E248ED2B100A03B0D /* TabBarController.swift in Sources */,
				6BB2D9A3248569720006DAE2 /* NumberInputCell.swift in Sources */,
				6BB0AA34251BE9E900D3EC82 /* AdsManager.swift in Sources */,
				6B39A8872486C1CB00E9A6C5 /* FlourAndWaterCalculator.swift in Sources */,
				6B62201E248589F90087D511 /* NumberDisplayCell.swift in Sources */,
				6B628AA1248C1626006ABACA /* LevainAndWaterCalculator.swift in Sources */,
				6B7D92EA248D6D7B00F35D75 /* HomeVC.swift in Sources */,
				6B086BA425445A2A005CEDE1 /* OSLog.swift in Sources */,
				6BFA481F2496777100202798 /* LocalizedButton.swift in Sources */,
				6B2E59F2249635E00098960F /* TableViewAdManager.swift in Sources */,
				6BB2D9452483EEB40006DAE2 /* AppDelegate.swift in Sources */,
				6BB0AA2B251BE93000D3EC82 /* AdvertisedViewController.swift in Sources */,
				6B086B9425445746005CEDE1 /* AppConfiguration.swift in Sources */,
				6BA02DA024856F1C005B2CB2 /* NumberFormatterExtension.swift in Sources */,
				6B62202024858D740087D511 /* StringExtension.swift in Sources */,
				6B0F6AFF2490148500553E84 /* CalculatorBaseVC.swift in Sources */,
				6B40F5B32485725C00FA4A40 /* UIViewExtension.swift in Sources */,
				6BB2D9472483EEB40006DAE2 /* SceneDelegate.swift in Sources */,
				6B7D27C724D208B5002F1CA9 /* Calculator.swift in Sources */,
				6B7D27C924D20E86002F1CA9 /* FormulateNumberInputCell.swift in Sources */,
				6B8001B72540D1DB00359D21 /* LocalizedSegmentedButton.swift in Sources */,
				6BB2597A2541FCB900E0B6C2 /* UserPreferences.swift in Sources */,
				6BFA481D249675E700202798 /* LocalizedLabel.swift in Sources */,
				6B7D27CB24D20FF3002F1CA9 /* FormulaNumberDisplayCell.swift in Sources */,
				6B7D92EC248D6EF300F35D75 /* CalculatorType.swift in Sources */,
				6B628A9F248C139F006ABACA /* LevainAndWaterCalculatorVC.swift in Sources */,
				6B628AB0248D60A2006ABACA /* SettingsVC.swift in Sources */,
				6B4C580C2485B7B5000BA9B0 /* FlourAndWaterCalculatorVC.swift in Sources */,
				6B2E59F02496351B0098960F /* AdsConfiguration.swift in Sources */,
			);
			runOnlyForDeploymentPostprocessing = 0;
		};
		6BB2D9532483EEB50006DAE2 /* Sources */ = {
			isa = PBXSourcesBuildPhase;
			buildActionMask = 2147483647;
			files = (
				6B628AA3248D1D9F006ABACA /* LevainAndwaterCalculatorTests.swift in Sources */,
				6BB2D95C2483EEB50006DAE2 /* FlourAndwaterCalculatorTests.swift in Sources */,
			);
			runOnlyForDeploymentPostprocessing = 0;
		};
		6BC03B4824D077AB006E3053 /* Sources */ = {
			isa = PBXSourcesBuildPhase;
			buildActionMask = 2147483647;
			files = (
				6BC03B4924D077AB006E3053 /* TopIconButton.swift in Sources */,
				6B5EA6E924D32224002B9260 /* IngredientRatioFormula.swift in Sources */,
				6BC03B4A24D077AB006E3053 /* TabBarController.swift in Sources */,
				6B5EA6E824D32222002B9260 /* Calculator.swift in Sources */,
				6BC03B4B24D077AB006E3053 /* NumberInputCell.swift in Sources */,
				6BC03B4C24D077AB006E3053 /* FlourAndWaterCalculator.swift in Sources */,
				6B5EA6EA24D3226B002B9260 /* SceneDelegate.swift in Sources */,
				6BC03B4D24D077AB006E3053 /* NumberDisplayCell.swift in Sources */,
				6BC03B4E24D077AB006E3053 /* LevainAndWaterCalculator.swift in Sources */,
				6BC03B4F24D077AB006E3053 /* HomeVC.swift in Sources */,
				6BC03B5124D077AB006E3053 /* TableViewAdManager.swift in Sources */,
				6BC03B5224D077AB006E3053 /* AppDelegate.swift in Sources */,
				6BC03B5324D077AB006E3053 /* NumberFormatterExtension.swift in Sources */,
				6BC03B5424D077AB006E3053 /* StringExtension.swift in Sources */,
				6BC03B5524D077AB006E3053 /* CalculatorBaseVC.swift in Sources */,
				6BC03B5624D077AB006E3053 /* UIViewExtension.swift in Sources */,
				6B76144524D59D7500000BA4 /* FormulateNumberInputCell.swift in Sources */,
				6B76144624D59D7500000BA4 /* FormulaNumberDisplayCell.swift in Sources */,
				6BC03B5924D077AB006E3053 /* CalculatorType.swift in Sources */,
				6BC03B5A24D077AB006E3053 /* LevainAndWaterCalculatorVC.swift in Sources */,
				6BC03B5B24D077AB006E3053 /* SettingsVC.swift in Sources */,
				6BC03B5C24D077AB006E3053 /* FlourAndWaterCalculatorVC.swift in Sources */,
				6BC03B5D24D077AB006E3053 /* AdsConfiguration.swift in Sources */,
			);
			runOnlyForDeploymentPostprocessing = 0;
		};
/* End PBXSourcesBuildPhase section */

/* Begin PBXTargetDependency section */
		6BB2D9592483EEB50006DAE2 /* PBXTargetDependency */ = {
			isa = PBXTargetDependency;
			target = 6BB2D9402483EEB40006DAE2 /* MonPain */;
			targetProxy = 6BB2D9582483EEB50006DAE2 /* PBXContainerItemProxy */;
		};
/* End PBXTargetDependency section */

/* Begin PBXVariantGroup section */
		6B38D177249F7B5B00882119 /* InfoPlist.strings */ = {
			isa = PBXVariantGroup;
			children = (
				6B38D178249F7B6000882119 /* fr */,
				6B38D179249F7B6500882119 /* pl */,
				6B38D17A249F7B8000882119 /* en */,
				6B69C20E2528F1DB00F3BFB2 /* de */,
			);
			name = InfoPlist.strings;
			sourceTree = "<group>";
		};
		6B628A9D248ACC0D006ABACA /* Localizable.strings */ = {
			isa = PBXVariantGroup;
			children = (
				6B628A9C248ACC0D006ABACA /* en */,
				6B628AAE248D469D006ABACA /* fr */,
				6BFA481B2496750600202798 /* pl */,
				6B69C20D2528F1DA00F3BFB2 /* de */,
			);
			name = Localizable.strings;
			sourceTree = "<group>";
		};
		6B76144B24D59E8300000BA4 /* InfoPlist.strings */ = {
			isa = PBXVariantGroup;
			children = (
				6B76144A24D59E8300000BA4 /* en */,
				6B76144C24D59E8600000BA4 /* fr */,
				6B76144D24D59E8600000BA4 /* pl */,
				6B69C20F2528F1DB00F3BFB2 /* de */,
			);
			name = InfoPlist.strings;
			sourceTree = "<group>";
		};
		6BB2D94A2483EEB40006DAE2 /* Main.storyboard */ = {
			isa = PBXVariantGroup;
			children = (
				6BB2D94B2483EEB40006DAE2 /* Base */,
			);
			name = Main.storyboard;
			sourceTree = "<group>";
		};
		6BB2D94F2483EEB50006DAE2 /* LaunchScreen.storyboard */ = {
			isa = PBXVariantGroup;
			children = (
				6BB2D9502483EEB50006DAE2 /* Base */,
				6B69C20C2528F1DA00F3BFB2 /* de */,
			);
			name = LaunchScreen.storyboard;
			sourceTree = "<group>";
		};
/* End PBXVariantGroup section */

/* Begin XCBuildConfiguration section */
		6BB2D95E2483EEB50006DAE2 /* Debug */ = {
			isa = XCBuildConfiguration;
			buildSettings = {
				ALWAYS_SEARCH_USER_PATHS = NO;
				CLANG_ANALYZER_LOCALIZABILITY_NONLOCALIZED = YES;
				CLANG_ANALYZER_NONNULL = YES;
				CLANG_ANALYZER_NUMBER_OBJECT_CONVERSION = YES_AGGRESSIVE;
				CLANG_CXX_LANGUAGE_STANDARD = "gnu++14";
				CLANG_CXX_LIBRARY = "libc++";
				CLANG_ENABLE_MODULES = YES;
				CLANG_ENABLE_OBJC_ARC = YES;
				CLANG_ENABLE_OBJC_WEAK = YES;
				CLANG_WARN_BLOCK_CAPTURE_AUTORELEASING = YES;
				CLANG_WARN_BOOL_CONVERSION = YES;
				CLANG_WARN_COMMA = YES;
				CLANG_WARN_CONSTANT_CONVERSION = YES;
				CLANG_WARN_DEPRECATED_OBJC_IMPLEMENTATIONS = YES;
				CLANG_WARN_DIRECT_OBJC_ISA_USAGE = YES_ERROR;
				CLANG_WARN_DOCUMENTATION_COMMENTS = YES;
				CLANG_WARN_EMPTY_BODY = YES;
				CLANG_WARN_ENUM_CONVERSION = YES;
				CLANG_WARN_INFINITE_RECURSION = YES;
				CLANG_WARN_INT_CONVERSION = YES;
				CLANG_WARN_NON_LITERAL_NULL_CONVERSION = YES;
				CLANG_WARN_OBJC_IMPLICIT_RETAIN_SELF = YES;
				CLANG_WARN_OBJC_LITERAL_CONVERSION = YES;
				CLANG_WARN_OBJC_ROOT_CLASS = YES_ERROR;
				CLANG_WARN_QUOTED_INCLUDE_IN_FRAMEWORK_HEADER = YES;
				CLANG_WARN_RANGE_LOOP_ANALYSIS = YES;
				CLANG_WARN_STRICT_PROTOTYPES = YES;
				CLANG_WARN_SUSPICIOUS_MOVE = YES;
				CLANG_WARN_UNGUARDED_AVAILABILITY = YES_AGGRESSIVE;
				CLANG_WARN_UNREACHABLE_CODE = YES;
				CLANG_WARN__DUPLICATE_METHOD_MATCH = YES;
				COPY_PHASE_STRIP = NO;
				DEBUG_INFORMATION_FORMAT = dwarf;
				ENABLE_STRICT_OBJC_MSGSEND = YES;
				ENABLE_TESTABILITY = YES;
				GCC_C_LANGUAGE_STANDARD = gnu11;
				GCC_DYNAMIC_NO_PIC = NO;
				GCC_NO_COMMON_BLOCKS = YES;
				GCC_OPTIMIZATION_LEVEL = 0;
				GCC_PREPROCESSOR_DEFINITIONS = (
					"DEBUG=1",
					"$(inherited)",
				);
				GCC_WARN_64_TO_32_BIT_CONVERSION = YES;
				GCC_WARN_ABOUT_RETURN_TYPE = YES_ERROR;
				GCC_WARN_UNDECLARED_SELECTOR = YES;
				GCC_WARN_UNINITIALIZED_AUTOS = YES_AGGRESSIVE;
				GCC_WARN_UNUSED_FUNCTION = YES;
				GCC_WARN_UNUSED_VARIABLE = YES;
				IPHONEOS_DEPLOYMENT_TARGET = 12.0;
				MTL_ENABLE_DEBUG_INFO = INCLUDE_SOURCE;
				MTL_FAST_MATH = YES;
				ONLY_ACTIVE_ARCH = YES;
				SDKROOT = iphoneos;
				SWIFT_ACTIVE_COMPILATION_CONDITIONS = DEBUG;
				SWIFT_OPTIMIZATION_LEVEL = "-Onone";
				SWIFT_VERSION = 5.0;
			};
			name = Debug;
		};
		6BB2D95F2483EEB50006DAE2 /* Release */ = {
			isa = XCBuildConfiguration;
			buildSettings = {
				ALWAYS_SEARCH_USER_PATHS = NO;
				CLANG_ANALYZER_LOCALIZABILITY_NONLOCALIZED = YES;
				CLANG_ANALYZER_NONNULL = YES;
				CLANG_ANALYZER_NUMBER_OBJECT_CONVERSION = YES_AGGRESSIVE;
				CLANG_CXX_LANGUAGE_STANDARD = "gnu++14";
				CLANG_CXX_LIBRARY = "libc++";
				CLANG_ENABLE_MODULES = YES;
				CLANG_ENABLE_OBJC_ARC = YES;
				CLANG_ENABLE_OBJC_WEAK = YES;
				CLANG_WARN_BLOCK_CAPTURE_AUTORELEASING = YES;
				CLANG_WARN_BOOL_CONVERSION = YES;
				CLANG_WARN_COMMA = YES;
				CLANG_WARN_CONSTANT_CONVERSION = YES;
				CLANG_WARN_DEPRECATED_OBJC_IMPLEMENTATIONS = YES;
				CLANG_WARN_DIRECT_OBJC_ISA_USAGE = YES_ERROR;
				CLANG_WARN_DOCUMENTATION_COMMENTS = YES;
				CLANG_WARN_EMPTY_BODY = YES;
				CLANG_WARN_ENUM_CONVERSION = YES;
				CLANG_WARN_INFINITE_RECURSION = YES;
				CLANG_WARN_INT_CONVERSION = YES;
				CLANG_WARN_NON_LITERAL_NULL_CONVERSION = YES;
				CLANG_WARN_OBJC_IMPLICIT_RETAIN_SELF = YES;
				CLANG_WARN_OBJC_LITERAL_CONVERSION = YES;
				CLANG_WARN_OBJC_ROOT_CLASS = YES_ERROR;
				CLANG_WARN_QUOTED_INCLUDE_IN_FRAMEWORK_HEADER = YES;
				CLANG_WARN_RANGE_LOOP_ANALYSIS = YES;
				CLANG_WARN_STRICT_PROTOTYPES = YES;
				CLANG_WARN_SUSPICIOUS_MOVE = YES;
				CLANG_WARN_UNGUARDED_AVAILABILITY = YES_AGGRESSIVE;
				CLANG_WARN_UNREACHABLE_CODE = YES;
				CLANG_WARN__DUPLICATE_METHOD_MATCH = YES;
				COPY_PHASE_STRIP = NO;
				DEBUG_INFORMATION_FORMAT = "dwarf-with-dsym";
				ENABLE_NS_ASSERTIONS = NO;
				ENABLE_STRICT_OBJC_MSGSEND = YES;
				GCC_C_LANGUAGE_STANDARD = gnu11;
				GCC_NO_COMMON_BLOCKS = YES;
				GCC_WARN_64_TO_32_BIT_CONVERSION = YES;
				GCC_WARN_ABOUT_RETURN_TYPE = YES_ERROR;
				GCC_WARN_UNDECLARED_SELECTOR = YES;
				GCC_WARN_UNINITIALIZED_AUTOS = YES_AGGRESSIVE;
				GCC_WARN_UNUSED_FUNCTION = YES;
				GCC_WARN_UNUSED_VARIABLE = YES;
				IPHONEOS_DEPLOYMENT_TARGET = 12.0;
				MTL_ENABLE_DEBUG_INFO = NO;
				MTL_FAST_MATH = YES;
				SDKROOT = iphoneos;
				SWIFT_COMPILATION_MODE = wholemodule;
				SWIFT_OPTIMIZATION_LEVEL = "-O";
				SWIFT_VERSION = 5.0;
				VALIDATE_PRODUCT = YES;
			};
			name = Release;
		};
		6BB2D9612483EEB50006DAE2 /* Debug */ = {
			isa = XCBuildConfiguration;
			buildSettings = {
				ASSETCATALOG_COMPILER_APPICON_NAME = AppIcon;
				CODE_SIGN_STYLE = Automatic;
				CURRENT_PROJECT_VERSION = 20200808.2000;
				DEVELOPMENT_TEAM = SB56D8K42E;
				FRAMEWORK_SEARCH_PATHS = (
					"$(inherited)",
					"$(PROJECT_DIR)/MonPain/Libraries/**",
				);
				INFOPLIST_FILE = "$(SRCROOT)/MonPain/MonPain/Info.plist";
				LD_RUNPATH_SEARCH_PATHS = (
					"$(inherited)",
					"@executable_path/Frameworks",
				);
				MARKETING_VERSION = 1.12;
				OTHER_LDFLAGS = "-ObjC";
				PRODUCT_BUNDLE_IDENTIFIER = ch.zajo.MonPain;
				PRODUCT_NAME = "Mon Pain";
				SWIFT_ACTIVE_COMPILATION_CONDITIONS = "DEBUG LITE";
				TARGETED_DEVICE_FAMILY = "1,2";
				USER_HEADER_SEARCH_PATHS = "$(PROJECT_DIR)/MonPain/Libraries/**";
			};
			name = Debug;
		};
		6BB2D9622483EEB50006DAE2 /* Release */ = {
			isa = XCBuildConfiguration;
			buildSettings = {
				ASSETCATALOG_COMPILER_APPICON_NAME = AppIcon;
				CODE_SIGN_STYLE = Automatic;
				CURRENT_PROJECT_VERSION = 20200808.2000;
				DEVELOPMENT_TEAM = SB56D8K42E;
				FRAMEWORK_SEARCH_PATHS = (
					"$(inherited)",
					"$(PROJECT_DIR)/MonPain/Libraries/**",
				);
				INFOPLIST_FILE = "$(SRCROOT)/MonPain/MonPain/Info.plist";
				LD_RUNPATH_SEARCH_PATHS = (
					"$(inherited)",
					"@executable_path/Frameworks",
				);
				MARKETING_VERSION = 1.12;
				OTHER_LDFLAGS = "-ObjC";
				PRODUCT_BUNDLE_IDENTIFIER = ch.zajo.MonPain;
				PRODUCT_NAME = "Mon Pain";
				SWIFT_ACTIVE_COMPILATION_CONDITIONS = LITE;
				TARGETED_DEVICE_FAMILY = "1,2";
				USER_HEADER_SEARCH_PATHS = "$(PROJECT_DIR)/MonPain/Libraries/**";
			};
			name = Release;
		};
		6BB2D9642483EEB50006DAE2 /* Debug */ = {
			isa = XCBuildConfiguration;
			buildSettings = {
				ALWAYS_EMBED_SWIFT_STANDARD_LIBRARIES = YES;
				BUNDLE_LOADER = "$(TEST_HOST)";
				CODE_SIGN_STYLE = Automatic;
				DEVELOPMENT_TEAM = SB56D8K42E;
				INFOPLIST_FILE = MonPainTests/Info.plist;
				IPHONEOS_DEPLOYMENT_TARGET = 13.5;
				LD_RUNPATH_SEARCH_PATHS = (
					"$(inherited)",
					"@executable_path/Frameworks",
					"@loader_path/Frameworks",
				);
				PRODUCT_BUNDLE_IDENTIFIER = ch.zajo.MonPainTests;
				PRODUCT_NAME = "$(TARGET_NAME)";
				SWIFT_VERSION = 5.0;
				TARGETED_DEVICE_FAMILY = "1,2";
				TEST_HOST = "$(BUILT_PRODUCTS_DIR)/MonPain.app/MonPain";
			};
			name = Debug;
		};
		6BB2D9652483EEB50006DAE2 /* Release */ = {
			isa = XCBuildConfiguration;
			buildSettings = {
				ALWAYS_EMBED_SWIFT_STANDARD_LIBRARIES = YES;
				BUNDLE_LOADER = "$(TEST_HOST)";
				CODE_SIGN_STYLE = Automatic;
				DEVELOPMENT_TEAM = SB56D8K42E;
				INFOPLIST_FILE = MonPainTests/Info.plist;
				IPHONEOS_DEPLOYMENT_TARGET = 13.5;
				LD_RUNPATH_SEARCH_PATHS = (
					"$(inherited)",
					"@executable_path/Frameworks",
					"@loader_path/Frameworks",
				);
				PRODUCT_BUNDLE_IDENTIFIER = ch.zajo.MonPainTests;
				PRODUCT_NAME = "$(TARGET_NAME)";
				SWIFT_VERSION = 5.0;
				TARGETED_DEVICE_FAMILY = "1,2";
				TEST_HOST = "$(BUILT_PRODUCTS_DIR)/MonPain.app/MonPain";
			};
			name = Release;
		};
		6BC03B7624D077AB006E3053 /* Debug */ = {
			isa = XCBuildConfiguration;
			buildSettings = {
				ASSETCATALOG_COMPILER_APPICON_NAME = AppIconPlus;
				CODE_SIGN_STYLE = Automatic;
				CURRENT_PROJECT_VERSION = 20200808.2000;
				DEVELOPMENT_TEAM = SB56D8K42E;
				FRAMEWORK_SEARCH_PATHS = (
					"$(inherited)",
					"$(PROJECT_DIR)/MonPain/Frameworks",
					"$(PROJECT_DIR)/MonPain/Frameworks/Firebase",
					"$(PROJECT_DIR)/MonPain/Frameworks/Admob",
				);
				INFOPLIST_FILE = "InfoPlist-MonPainPlus.plist";
				LD_RUNPATH_SEARCH_PATHS = (
					"$(inherited)",
					"@executable_path/Frameworks",
				);
				MARKETING_VERSION = 1.12;
				OTHER_LDFLAGS = "-ObjC";
				PRODUCT_BUNDLE_IDENTIFIER = ch.zajo.MonPain.plus;
				PRODUCT_NAME = "$(TARGET_NAME)";
				SWIFT_ACTIVE_COMPILATION_CONDITIONS = "DEBUG PLUS";
				TARGETED_DEVICE_FAMILY = "1,2";
				USER_HEADER_SEARCH_PATHS = "$(PROJECT_DIR)/MonPain/Frameworks/Firebase/FirebaseHeader";
			};
			name = Debug;
		};
		6BC03B7724D077AB006E3053 /* Release */ = {
			isa = XCBuildConfiguration;
			buildSettings = {
				ASSETCATALOG_COMPILER_APPICON_NAME = AppIconPlus;
				CODE_SIGN_STYLE = Automatic;
				CURRENT_PROJECT_VERSION = 20200808.2000;
				DEVELOPMENT_TEAM = SB56D8K42E;
				FRAMEWORK_SEARCH_PATHS = (
					"$(inherited)",
					"$(PROJECT_DIR)/MonPain/Frameworks",
					"$(PROJECT_DIR)/MonPain/Frameworks/Firebase",
					"$(PROJECT_DIR)/MonPain/Frameworks/Admob",
				);
				INFOPLIST_FILE = "InfoPlist-MonPainPlus.plist";
				LD_RUNPATH_SEARCH_PATHS = (
					"$(inherited)",
					"@executable_path/Frameworks",
				);
				MARKETING_VERSION = 1.12;
				OTHER_LDFLAGS = "-ObjC";
				PRODUCT_BUNDLE_IDENTIFIER = ch.zajo.MonPain.plus;
				PRODUCT_NAME = "$(TARGET_NAME)";
				SWIFT_ACTIVE_COMPILATION_CONDITIONS = PLUS;
				TARGETED_DEVICE_FAMILY = "1,2";
				USER_HEADER_SEARCH_PATHS = "$(PROJECT_DIR)/MonPain/Frameworks/Firebase/FirebaseHeader";
			};
			name = Release;
		};
/* End XCBuildConfiguration section */

/* Begin XCConfigurationList section */
		6BB2D93C2483EEB40006DAE2 /* Build configuration list for PBXProject "MonPain" */ = {
			isa = XCConfigurationList;
			buildConfigurations = (
				6BB2D95E2483EEB50006DAE2 /* Debug */,
				6BB2D95F2483EEB50006DAE2 /* Release */,
			);
			defaultConfigurationIsVisible = 0;
			defaultConfigurationName = Release;
		};
		6BB2D9602483EEB50006DAE2 /* Build configuration list for PBXNativeTarget "MonPain" */ = {
			isa = XCConfigurationList;
			buildConfigurations = (
				6BB2D9612483EEB50006DAE2 /* Debug */,
				6BB2D9622483EEB50006DAE2 /* Release */,
			);
			defaultConfigurationIsVisible = 0;
			defaultConfigurationName = Release;
		};
		6BB2D9632483EEB50006DAE2 /* Build configuration list for PBXNativeTarget "MonPainTests" */ = {
			isa = XCConfigurationList;
			buildConfigurations = (
				6BB2D9642483EEB50006DAE2 /* Debug */,
				6BB2D9652483EEB50006DAE2 /* Release */,
			);
			defaultConfigurationIsVisible = 0;
			defaultConfigurationName = Release;
		};
		6BC03B7524D077AB006E3053 /* Build configuration list for PBXNativeTarget "MonPainPlus" */ = {
			isa = XCConfigurationList;
			buildConfigurations = (
				6BC03B7624D077AB006E3053 /* Debug */,
				6BC03B7724D077AB006E3053 /* Release */,
			);
			defaultConfigurationIsVisible = 0;
			defaultConfigurationName = Release;
		};
/* End XCConfigurationList section */
	};
	rootObject = 6BB2D9392483EEB40006DAE2 /* Project object */;
}
